
Microsoft Visual Studio Solution File, Format Version 12.00
# Visual Studio 2012
Project("{FAE04EC0-301F-11D3-BF4B-00C04F79EFBC}") = "XamSnap.Droid", "Droid\XamSnap.Droid.csproj", "{2DAC31F8-B13B-4371-9B8B-4FEA464CB60B}"
EndProject
Project("{FAE04EC0-301F-11D3-BF4B-00C04F79EFBC}") = "XamSnap.iOS", "iOS\XamSnap.iOS.csproj", "{A259ED36-23E8-41CA-AA11-028391269A29}"
EndProject
Project("{FAE04EC0-301F-11D3-BF4B-00C04F79EFBC}") = "XamSnap", "XamSnap\XamSnap.csproj", "{7AEE4F3C-E29D-4A34-AE68-0B232A73594D}"
EndProject
Project("{FAE04EC0-301F-11D3-BF4B-00C04F79EFBC}") = "XamSnap.Tests", "XamSnap.Tests\XamSnap.Tests.csproj", "{65B1C56F-230A-440A-9C75-F4CCC7F8B21E}"
EndProject
Global
	GlobalSection(SolutionConfigurationPlatforms) = preSolution
		Debug|Any CPU = Debug|Any CPU
		Release|Any CPU = Release|Any CPU
		Debug|iPhoneSimulator = Debug|iPhoneSimulator
		Release|iPhone = Release|iPhone
		Release|iPhoneSimulator = Release|iPhoneSimulator
		Debug|iPhone = Debug|iPhone
	EndGlobalSection
	GlobalSection(ProjectConfigurationPlatforms) = postSolution
		{2DAC31F8-B13B-4371-9B8B-4FEA464CB60B}.Debug|Any CPU.ActiveCfg = Debug|Any CPU
		{2DAC31F8-B13B-4371-9B8B-4FEA464CB60B}.Debug|Any CPU.Build.0 = Debug|Any CPU
		{2DAC31F8-B13B-4371-9B8B-4FEA464CB60B}.Release|Any CPU.ActiveCfg = Release|Any CPU
		{2DAC31F8-B13B-4371-9B8B-4FEA464CB60B}.Release|Any CPU.Build.0 = Release|Any CPU
		{2DAC31F8-B13B-4371-9B8B-4FEA464CB60B}.Debug|iPhoneSimulator.ActiveCfg = Debug|Any CPU
		{2DAC31F8-B13B-4371-9B8B-4FEA464CB60B}.Debug|iPhoneSimulator.Build.0 = Debug|Any CPU
		{2DAC31F8-B13B-4371-9B8B-4FEA464CB60B}.Release|iPhone.ActiveCfg = Release|Any CPU
		{2DAC31F8-B13B-4371-9B8B-4FEA464CB60B}.Release|iPhone.Build.0 = Release|Any CPU
		{2DAC31F8-B13B-4371-9B8B-4FEA464CB60B}.Release|iPhoneSimulator.ActiveCfg = Release|Any CPU
		{2DAC31F8-B13B-4371-9B8B-4FEA464CB60B}.Release|iPhoneSimulator.Build.0 = Release|Any CPU
		{2DAC31F8-B13B-4371-9B8B-4FEA464CB60B}.Debug|iPhone.ActiveCfg = Debug|Any CPU
		{2DAC31F8-B13B-4371-9B8B-4FEA464CB60B}.Debug|iPhone.Build.0 = Debug|Any CPU
		{A259ED36-23E8-41CA-AA11-028391269A29}.Debug|Any CPU.ActiveCfg = Debug|iPhoneSimulator
		{A259ED36-23E8-41CA-AA11-028391269A29}.Debug|Any CPU.Build.0 = Debug|iPhoneSimulator
		{A259ED36-23E8-41CA-AA11-028391269A29}.Release|Any CPU.ActiveCfg = Release|iPhone
		{A259ED36-23E8-41CA-AA11-028391269A29}.Release|Any CPU.Build.0 = Release|iPhone
		{A259ED36-23E8-41CA-AA11-028391269A29}.Debug|iPhoneSimulator.ActiveCfg = Debug|iPhoneSimulator
		{A259ED36-23E8-41CA-AA11-028391269A29}.Debug|iPhoneSimulator.Build.0 = Debug|iPhoneSimulator
		{A259ED36-23E8-41CA-AA11-028391269A29}.Release|iPhone.ActiveCfg = Release|iPhone
		{A259ED36-23E8-41CA-AA11-028391269A29}.Release|iPhone.Build.0 = Release|iPhone
		{A259ED36-23E8-41CA-AA11-028391269A29}.Release|iPhoneSimulator.ActiveCfg = Release|iPhoneSimulator
		{A259ED36-23E8-41CA-AA11-028391269A29}.Release|iPhoneSimulator.Build.0 = Release|iPhoneSimulator
		{A259ED36-23E8-41CA-AA11-028391269A29}.Debug|iPhone.ActiveCfg = Debug|iPhone
		{A259ED36-23E8-41CA-AA11-028391269A29}.Debug|iPhone.Build.0 = Debug|iPhone
		{7AEE4F3C-E29D-4A34-AE68-0B232A73594D}.Debug|Any CPU.ActiveCfg = Debug|Any CPU
		{7AEE4F3C-E29D-4A34-AE68-0B232A73594D}.Debug|Any CPU.Build.0 = Debug|Any CPU
		{7AEE4F3C-E29D-4A34-AE68-0B232A73594D}.Release|Any CPU.ActiveCfg = Release|Any CPU
		{7AEE4F3C-E29D-4A34-AE68-0B232A73594D}.Release|Any CPU.Build.0 = Release|Any CPU
		{7AEE4F3C-E29D-4A34-AE68-0B232A73594D}.Debug|iPhoneSimulator.ActiveCfg = Debug|Any CPU
		{7AEE4F3C-E29D-4A34-AE68-0B232A73594D}.Debug|iPhoneSimulator.Build.0 = Debug|Any CPU
		{7AEE4F3C-E29D-4A34-AE68-0B232A73594D}.Release|iPhone.ActiveCfg = Release|Any CPU
		{7AEE4F3C-E29D-4A34-AE68-0B232A73594D}.Release|iPhone.Build.0 = Release|Any CPU
		{7AEE4F3C-E29D-4A34-AE68-0B232A73594D}.Release|iPhoneSimulator.ActiveCfg = Release|Any CPU
		{7AEE4F3C-E29D-4A34-AE68-0B232A73594D}.Release|iPhoneSimulator.Build.0 = Release|Any CPU
		{7AEE4F3C-E29D-4A34-AE68-0B232A73594D}.Debug|iPhone.ActiveCfg = Debug|Any CPU
		{7AEE4F3C-E29D-4A34-AE68-0B232A73594D}.Debug|iPhone.Build.0 = Debug|Any CPU
		{65B1C56F-230A-440A-9C75-F4CCC7F8B21E}.Debug|Any CPU.ActiveCfg = Debug|Any CPU
		{65B1C56F-230A-440A-9C75-F4CCC7F8B21E}.Debug|Any CPU.Build.0 = Debug|Any CPU
		{65B1C56F-230A-440A-9C75-F4CCC7F8B21E}.Release|Any CPU.ActiveCfg = Release|Any CPU
		{65B1C56F-230A-440A-9C75-F4CCC7F8B21E}.Release|Any CPU.Build.0 = Release|Any CPU
		{65B1C56F-230A-440A-9C75-F4CCC7F8B21E}.Debug|iPhoneSimulator.ActiveCfg = Debug|Any CPU
		{65B1C56F-230A-440A-9C75-F4CCC7F8B21E}.Debug|iPhoneSimulator.Build.0 = Debug|Any CPU
		{65B1C56F-230A-440A-9C75-F4CCC7F8B21E}.Release|iPhone.ActiveCfg = Release|Any CPU
		{65B1C56F-230A-440A-9C75-F4CCC7F8B21E}.Release|iPhone.Build.0 = Release|Any CPU
		{65B1C56F-230A-440A-9C75-F4CCC7F8B21E}.Release|iPhoneSimulator.ActiveCfg = Release|Any CPU
		{65B1C56F-230A-440A-9C75-F4CCC7F8B21E}.Release|iPhoneSimulator.Build.0 = Release|Any CPU
		{65B1C56F-230A-440A-9C75-F4CCC7F8B21E}.Debug|iPhone.ActiveCfg = Debug|Any CPU
		{65B1C56F-230A-440A-9C75-F4CCC7F8B21E}.Debug|iPhone.Build.0 = Debug|Any CPU
	EndGlobalSection
EndGlobal
