
Microsoft Visual Studio Solution File, Format Version 12.00
# Visual Studio 2012
Project("{FAE04EC0-301F-11D3-BF4B-00C04F79EFBC}") = "GoogleAnalytics.iOS", "GoogleAnalytics.iOS\GoogleAnalytics.iOS.csproj", "{463B2ECC-B073-44B3-ACE7-57ED03093D07}"
EndProject
Project("{FAE04EC0-301F-11D3-BF4B-00C04F79EFBC}") = "GoogleAnalytics.Droid", "GoogleAnalytics.Droid\GoogleAnalytics.Droid.csproj", "{A7CCB1D7-2119-4A26-BF51-36F2631CD52C}"
EndProject
Global
	GlobalSection(SolutionConfigurationPlatforms) = preSolution
		Debug|Any CPU = Debug|Any CPU
		Release|Any CPU = Release|Any CPU
	EndGlobalSection
	GlobalSection(ProjectConfigurationPlatforms) = postSolution
		{463B2ECC-B073-44B3-ACE7-57ED03093D07}.Debug|Any CPU.ActiveCfg = Debug|Any CPU
		{463B2ECC-B073-44B3-ACE7-57ED03093D07}.Debug|Any CPU.Build.0 = Debug|Any CPU
		{463B2ECC-B073-44B3-ACE7-57ED03093D07}.Release|Any CPU.ActiveCfg = Release|Any CPU
		{463B2ECC-B073-44B3-ACE7-57ED03093D07}.Release|Any CPU.Build.0 = Release|Any CPU
		{A7CCB1D7-2119-4A26-BF51-36F2631CD52C}.Debug|Any CPU.ActiveCfg = Debug|Any CPU
		{A7CCB1D7-2119-4A26-BF51-36F2631CD52C}.Debug|Any CPU.Build.0 = Debug|Any CPU
		{A7CCB1D7-2119-4A26-BF51-36F2631CD52C}.Release|Any CPU.ActiveCfg = Release|Any CPU
		{A7CCB1D7-2119-4A26-BF51-36F2631CD52C}.Release|Any CPU.Build.0 = Release|Any CPU
	EndGlobalSection
EndGlobal
